{
	"format_version": "0.2",
	"provider_schemas": {
		"thales.com/terraform/ciphertrust": {
			"provider": {
				"version": 0,
				"block": {
					"attributes": {
						"address": {
							"type": "string",
							"description": "CipherTrust 'address' can be set in the provider block, or in ~/.ciphertrust/config.",
							"description_kind": "plain",
							"optional": true
						},
						"api_timeout": {
							"type": "number",
							"description": "Api timeout in seconds. CipherTrust 'api_timeout' can be set in the provider block, or in ~/.ciphertrust/config. Default is '60'.",
							"description_kind": "plain",
							"optional": true
						},
						"domain": {
							"type": "string",
							"description": "CipherTrust 'domain' can be set in the provider block, or in ~/.ciphertrust/config. Default is 'root'.",
							"description_kind": "plain",
							"optional": true
						},
						"log_file": {
							"type": "string",
							"description": "CipherTrust 'log_file' can be set in the provider block, or in ~/.ciphertrust/config. Default is 'ctp.log'.",
							"description_kind": "plain",
							"optional": true
						},
						"log_level": {
							"type": "string",
							"description": "CipherTrust 'log_level' can be set in the provider block, or in ~/.ciphertrust/config. Default is 'info'. Options: debug, info, warning or error. ",
							"description_kind": "plain",
							"optional": true
						},
						"no_ssl_verify": {
							"type": "bool",
							"description": "Set to false to verify the server's certificate chain and host name. CipherTrust 'no_ssl_verify' can be set in the provider block, or in ~/.ciphertrust/config. Default is 'true'.",
							"description_kind": "plain",
							"optional": true
						},
						"password": {
							"type": "string",
							"description": "CipherTrust 'password' can be set in the provider block, or in ~/.ciphertrust/config.",
							"description_kind": "plain",
							"optional": true,
							"sensitive": true
						},
						"username": {
							"type": "string",
							"description": "CipherTrust 'username' can be set in the provider block, or in ~/.ciphertrust/config.",
							"description_kind": "plain",
							"optional": true
						}
					},
					"description_kind": "plain"
				}
			},
			"resource_schemas": {
				"ciphertrust_aws_connection": {
					"version": 0,
					"block": {
						"attributes": {
							"access_key_id": {
								"type": "string",
								"description": "AWS Key ID of the AWS user. Default is the AWS_ACCESS_KEY_ID environment variable.",
								"description_kind": "plain",
								"optional": true
							},
							"assume_role_arn": {
								"type": "string",
								"description": "AWS IAM role ARN.",
								"description_kind": "plain",
								"optional": true
							},
							"assume_role_external_id": {
								"type": "string",
								"description": "AWS role external ID.",
								"description_kind": "plain",
								"optional": true
							},
							"cloud_name": {
								"type": "string",
								"description": "Name of the cloud. Options: aws, aws-us-gov and aws-cn. Default is aws.",
								"description_kind": "plain",
								"optional": true
							},
							"description": {
								"type": "string",
								"description": "Description of the AWS connection.",
								"description_kind": "plain",
								"optional": true
							},
							"id": {
								"type": "string",
								"description": "CipherTrust AWS connection ID.",
								"description_kind": "plain",
								"computed": true
							},
							"meta": {
								"type": "string",
								"description": "Optional end-user or service data stored with the connection.",
								"description_kind": "plain",
								"optional": true
							},
							"name": {
								"type": "string",
								"description": "Unique connection name. If the name changes the old connection will be destroyed and a new connection created.",
								"description_kind": "plain",
								"required": true
							},
							"secret_access_key": {
								"type": "string",
								"description": "Secret associated with the access key of the AWS user. Default is the AWS_SECRET_ACCESS_KEY environment variable.",
								"description_kind": "plain",
								"optional": true,
								"sensitive": true
							}
						},
						"description_kind": "plain"
					}
				},
				"ciphertrust_aws_key": {
					"version": 0,
					"block": {
						"attributes": {
							"alias": {
								"type": "string",
								"description": "Original alias of the AWS key. If alias changes the old key will be destroyed and a new key created.",
								"description_kind": "plain",
								"required": true
							},
							"alias_list": {
								"type": ["set", "string"],
								"description": "The alias list of the AWS key not including the original alias. Add and remove aliases from this list.",
								"description_kind": "plain",
								"optional": true
							},
							"arn": {
								"type": "string",
								"description": "The Amazon Resource Name (ARN) of the key.",
								"description_kind": "plain",
								"computed": true
							},
							"auto_rotate": {
								"type": "bool",
								"description": "Enable AWS auto rotation on the key.",
								"description_kind": "plain",
								"optional": true
							},
							"bypass_policy_lockout_safety_check": {
								"type": "bool",
								"description": "Bypass the AWS key policy lockout safety check.",
								"description_kind": "plain",
								"optional": true
							},
							"customer_master_key_spec": {
								"type": "string",
								"description": "Specifies a symmetric key or an asymmetric key pair and the encryption algorithms or signing algorithms the key supports. Valid values: SYMMETRIC_DEFAULT, RSA_2048, RSA_3072, RSA_4096, ECC_NIST_P256, ECC_NIST_P384, ECC_NIST_P521 and ECC_SECG_P256K1. Default is SYMMETRIC_DEFAULT.",
								"description_kind": "plain",
								"optional": true
							},
							"description": {
								"type": "string",
								"description": "Description of the AWS key.",
								"description_kind": "plain",
								"optional": true
							},
							"enable_key": {
								"type": "bool",
								"description": "Set to enable or disable the key. Default is true.",
								"description_kind": "plain",
								"optional": true
							},
							"id": {
								"type": "string",
								"description": "Alias that was used to create the key.",
								"description_kind": "plain",
								"computed": true
							},
							"key_id": {
								"type": "string",
								"description": "CipherTrust Key ID.",
								"description_kind": "plain",
								"computed": true
							},
							"key_material_origin": {
								"type": "string",
								"description": "Origin of the key material.",
								"description_kind": "plain",
								"computed": true
							},
							"key_state": {
								"type": "string",
								"description": "Current state of the key in AWS.",
								"description_kind": "plain",
								"computed": true
							},
							"key_usage": {
								"type": "string",
								"description": "Specifies the intended use of the key. Asymmetric keys valid values: ENCRYPT_DECRYPT or SIGN_VERIFY. Default is ENCRYPT_DECRYPT. Symmetric key valid values: ENCRYPT_DECRYPT. Default is ENCRYPT_DECRYPT.",
								"description_kind": "plain",
								"optional": true
							},
							"kms": {
								"type": "string",
								"description": "Name or ID of the kms.",
								"description_kind": "plain",
								"required": true
							},
							"local_key_id": {
								"type": "string",
								"description": "Key ID of the CipherTrust key used for the AWS key.",
								"description_kind": "plain",
								"computed": true
							},
							"origin": {
								"type": "string",
								"description": "Source of the CMK's key material.  Options: AWS_KMS, EXTERNAL. Defaults to AWS_KMSAWS_KMS will create an AWS key with key material. EXTERNAL will create an AWS key with no key material and is required to import key material.",
								"description_kind": "plain",
								"optional": true
							},
							"region": {
								"type": "string",
								"description": "AWS region in which to create key key.",
								"description_kind": "plain",
								"required": true
							},
							"schedule_for_deletion_days": {
								"type": "number",
								"description": "Waiting period after the key is destroyed before the key is deleted. Default is 7.",
								"description_kind": "plain",
								"optional": true
							},
							"tags": {
								"type": ["map", "string"],
								"description": "A list of key:value pairs to assign to the key.",
								"description_kind": "plain",
								"optional": true
							}
						},
						"block_types": {
							"enable_rotation": {
								"nesting_mode": "list",
								"block": {
									"attributes": {
										"disable_encrypt": {
											"type": "bool",
											"description": "Disable encryption on the old key.",
											"description_kind": "plain",
											"optional": true
										},
										"dsm_domain_id": {
											"type": "string",
											"description": "DSM domain ID, required if key_source is dsm.",
											"description_kind": "plain",
											"optional": true
										},
										"job_config_id": {
											"type": "string",
											"description": "ID of the scheduler job that will perform key rotation.",
											"description_kind": "plain",
											"required": true
										},
										"key_source": {
											"type": "string",
											"description": "Source of the key material. Options: dsm, ciphertrust.",
											"description_kind": "plain",
											"required": true
										}
									},
									"description": "Enable the key for scheduled rotation job.",
									"description_kind": "plain"
								},
								"max_items": 1
							},
							"import_key_material": {
								"nesting_mode": "list",
								"block": {
									"attributes": {
										"dsm_domain_id": {
											"type": "string",
											"description": "Domain for the DSM key. Required if source_key_tier is dsm.",
											"description_kind": "plain",
											"optional": true
										},
										"key_expiration": {
											"type": "bool",
											"description": "Enable key expiration.",
											"description_kind": "plain",
											"optional": true
										},
										"source_key_name": {
											"type": "string",
											"description": "Name of the key created for key material.",
											"description_kind": "plain",
											"required": true
										},
										"source_key_tier": {
											"type": "string",
											"description": "Source of the key. Options: local and dsm. Default is local.",
											"description_kind": "plain",
											"optional": true
										},
										"valid_to": {
											"type": "string",
											"description": "Date of key expiry in UTC time in RFC3339 format. For example, 2022-07-03T14:24:00Z.",
											"description_kind": "plain",
											"optional": true
										}
									},
									"description": "Key import details.",
									"description_kind": "plain"
								},
								"max_items": 1
							},
							"key_policy": {
								"nesting_mode": "list",
								"block": {
									"attributes": {
										"external_accounts": {
											"type": ["list", "string"],
											"description": "Policy and key administrators, key_users, and AWS accounts are mutually exclusive. Specify either the policy or any one user at a time. If no parameters are specified, the default policy is used.",
											"description_kind": "plain",
											"optional": true
										},
										"key_admins": {
											"type": ["list", "string"],
											"description": "Policy and key administrators, key_users, and AWS accounts are mutually exclusive. Specify either the policy or any one user at a time. If no parameters are specified, the default policy is used.",
											"description_kind": "plain",
											"optional": true
										},
										"key_users": {
											"type": ["list", "string"],
											"description": "Policy and key administrators, key_users, and AWS accounts are mutually exclusive. Specify either the policy or any one user at a time. If no parameters are specified, the default policy is used.",
											"description_kind": "plain",
											"optional": true
										},
										"policy": {
											"type": "string",
											"description": "Policy and key administrators, key_users, and AWS accounts are mutually exclusive. Specify either the policy or any one user at a time. If no parameters are specified, the default policy is used.",
											"description_kind": "plain",
											"optional": true
										}
									},
									"description": "Key policy to attach to the AWS key. If not specified the key will have a default policy.",
									"description_kind": "plain"
								},
								"max_items": 1
							},
							"upload_key": {
								"nesting_mode": "list",
								"block": {
									"attributes": {
										"key_expiration": {
											"type": "bool",
											"description": "Enable key expiration.",
											"description_kind": "plain",
											"optional": true
										},
										"source_key_identifier": {
											"type": "string",
											"description": "DSM or CipherTrust key ID to upload to AWS.",
											"description_kind": "plain",
											"required": true
										},
										"source_key_tier": {
											"type": "string",
											"description": "Source of the key. Options: local and dsm. Default is local.",
											"description_kind": "plain",
											"optional": true
										},
										"valid_to": {
											"type": "string",
											"description": "Date of key expiry in UTC time in RFC3339 format. for example, 2022-07-03T14:24:00Z.",
											"description_kind": "plain",
											"optional": true
										}
									},
									"description": "Key upload details.",
									"description_kind": "plain"
								},
								"max_items": 1
							}
						},
						"description_kind": "plain"
					}
				},
				"ciphertrust_aws_kms": {
					"version": 0,
					"block": {
						"attributes": {
							"account_id": {
								"type": "string",
								"description": "AWS account ID.",
								"description_kind": "plain",
								"required": true
							},
							"arn": {
								"type": "string",
								"description": "Amazon Resource Name.",
								"description_kind": "plain",
								"computed": true
							},
							"aws_connection": {
								"type": "string",
								"description": "Name or ID of the AWS connection.",
								"description_kind": "plain",
								"required": true
							},
							"id": {
								"type": "string",
								"description": "CipherTrust KMS ID.",
								"description_kind": "plain",
								"computed": true
							},
							"name": {
								"type": "string",
								"description": "Unique name for the KMS.",
								"description_kind": "plain",
								"required": true
							},
							"regions": {
								"type": ["list", "string"],
								"description": "A list of AWS regions to be added.",
								"description_kind": "plain",
								"required": true
							}
						},
						"description_kind": "plain"
					}
				},
				"ciphertrust_azure_connection": {
					"version": 0,
					"block": {
						"attributes": {
							"client_id": {
								"type": "string",
								"description": "Unique Identifier (client ID) for the Azure application. Default is the ARM_CLIENT_ID environment variable.",
								"description_kind": "plain",
								"optional": true
							},
							"client_secret": {
								"type": "string",
								"description": "Secret key for the Azure application. Default is the ARM_CLIENT_SECRET environment variable.",
								"description_kind": "plain",
								"optional": true,
								"sensitive": true
							},
							"cloud_name": {
								"type": "string",
								"description": "Name of the cloud. Options: AzureCloud, AzureGermanCloud, AzureChinaCloud and AzureUSGovernment. Default is AzureCloud.",
								"description_kind": "plain",
								"optional": true
							},
							"description": {
								"type": "string",
								"description": "Description of the Azure connection.",
								"description_kind": "plain",
								"optional": true
							},
							"id": {
								"type": "string",
								"description": "CipherTrust Azure connection ID.",
								"description_kind": "plain",
								"computed": true
							},
							"meta": {
								"type": "string",
								"description": "Optional end-user or service data stored with the connection.",
								"description_kind": "plain",
								"optional": true
							},
							"name": {
								"type": "string",
								"description": "Unique connection name. If the name changes the old connection will be destroyed and a new connection created.",
								"description_kind": "plain",
								"required": true
							},
							"tenant_id": {
								"type": "string",
								"description": "Tenant ID of the Azure application. Default is the ARM_TENANT_ID environment variable.",
								"description_kind": "plain",
								"optional": true
							}
						},
						"description_kind": "plain"
					}
				},
				"ciphertrust_azure_key": {
					"version": 0,
					"block": {
						"attributes": {
							"activation_date": {
								"type": "string",
								"description": "Date of key activation in UTC time in RFC3339 format. For example, 2021-07-03T14:24:30Z.",
								"description_kind": "plain",
								"optional": true
							},
							"curve": {
								"type": "string",
								"description": "Curve name for an EC or EC-HSM elliptical key. Options: P-256, P-384, P-521, SECP256K1. Default is P-256.",
								"description_kind": "plain",
								"optional": true,
								"computed": true
							},
							"enable_key": {
								"type": "bool",
								"description": "Set to false to disable the key.",
								"description_kind": "plain",
								"optional": true,
								"computed": true
							},
							"expiration_date": {
								"type": "string",
								"description": "Date of key expiry in UTC time in RFC3339 format. for example, 2022-07-03T14:24:00Z.",
								"description_kind": "plain",
								"optional": true,
								"computed": true
							},
							"id": {
								"type": "string",
								"description": "Concatenation of vault name and key name.",
								"description_kind": "plain",
								"computed": true
							},
							"key_id": {
								"type": "string",
								"description": "CipherTrust Key ID.",
								"description_kind": "plain",
								"computed": true
							},
							"key_ops": {
								"type": ["list", "string"],
								"description": "Allowed key operations. RSA/RSA-HM key options: encrypt, decrypt, sign, verify, wrapKey, unwrapKey and import. EC key options: sign and verify. Import is applicable only for RSA-HSM keys and mandatory to be set when creating a Key Encryption Key. Default for RSA keys is encrypt, decrypt, sign, verify, wrapKey and unwrapKey. Default for EC keys is sign and verify.",
								"description_kind": "plain",
								"optional": true,
								"computed": true
							},
							"key_size": {
								"type": "number",
								"description": "Size for RSA keys. Options: 2048, 3072, 4096. Default is 2048.",
								"description_kind": "plain",
								"optional": true,
								"computed": true
							},
							"key_type": {
								"type": "string",
								"description": "The type of key to create. EC - Elliptic Curve key, RSA - RSA key, EC-HSM - Elliptic Curve key for premium key vaults only, RSA-HSM - RSA key for premium key vaults only. Default is RSA.",
								"description_kind": "plain",
								"optional": true
							},
							"kid": {
								"type": "string",
								"description": "Key identifier.",
								"description_kind": "plain",
								"computed": true
							},
							"name": {
								"type": "string",
								"description": "Name for the key. If name changes the old key will be destroyed and a new key created.",
								"description_kind": "plain",
								"required": true
							},
							"operation_timeout": {
								"type": "number",
								"description": "Azure key operations are not synchronous. The specifies how long to wait for an operation to complete in seconds. Default is 240.",
								"description_kind": "plain",
								"optional": true
							},
							"tags": {
								"type": ["map", "string"],
								"description": "A list of key:value pairs to assign to the key.",
								"description_kind": "plain",
								"optional": true,
								"computed": true
							},
							"vault": {
								"type": "string",
								"description": "Name or ID of the vault.",
								"description_kind": "plain",
								"required": true
							},
							"version": {
								"type": "string",
								"description": "Version of the key.",
								"description_kind": "plain",
								"computed": true
							},
							"version_count": {
								"type": "number",
								"description": "Number of versions of the key.",
								"description_kind": "plain",
								"computed": true
							}
						},
						"block_types": {
							"enable_rotation": {
								"nesting_mode": "list",
								"block": {
									"attributes": {
										"dsm_domain_id": {
											"type": "string",
											"description": "ID of the domain in which DSM keys will be created.",
											"description_kind": "plain",
											"optional": true
										},
										"enable_key": {
											"type": "bool",
											"description": "Enable the rotated key. Default is true.",
											"description_kind": "plain",
											"optional": true
										},
										"hsm_partition_id": {
											"type": "string",
											"description": "ID of the partition in which HSM keys will be created.",
											"description_kind": "plain",
											"optional": true
										},
										"job_config_id": {
											"type": "string",
											"description": "ID of the scheduler job that will perform key rotation.",
											"description_kind": "plain",
											"required": true
										},
										"key_source": {
											"type": "string",
											"description": "Source of the key material. Only native is valid for EC keys. Options: native, ciphertrust, dsm and hsm-luna.",
											"description_kind": "plain",
											"required": true
										}
									},
									"description": "Enable the key for scheduled rotation job. Note: Key rotation can cause drift.",
									"description_kind": "plain"
								},
								"max_items": 1
							},
							"upload_key": {
								"nesting_mode": "list",
								"block": {
									"attributes": {
										"dsm_key_id": {
											"type": "string",
											"description": "DSM key ID to upload to Azure. Required if source_key_tier is dsm.",
											"description_kind": "plain",
											"optional": true
										},
										"hsm": {
											"type": "bool",
											"description": "Premium vaults support hsm-backed keys. Set to true to use this option.",
											"description_kind": "plain",
											"optional": true
										},
										"hsm_key_id": {
											"type": "string",
											"description": "Luna-HSM key identifier of the key to be uploaded to Azure. Required if source_key_tier is hsm-luna",
											"description_kind": "plain",
											"optional": true
										},
										"kek_kid": {
											"type": "string",
											"description": "Identifier of an Azure key encrypting key.",
											"description_kind": "plain",
											"optional": true
										},
										"local_key_id": {
											"type": "string",
											"description": "CCKM key indentifier of the key uploaded to Azure. Required if source_key_tier is local.",
											"description_kind": "plain",
											"optional": true,
											"computed": true
										},
										"pfx": {
											"type": "string",
											"description": "Pfx file to upload. Required if source_key_tier is pfx.",
											"description_kind": "plain",
											"optional": true
										},
										"pfx_password": {
											"type": "string",
											"description": "PFX password. Specify only if the PFX certificate is provided.",
											"description_kind": "plain",
											"optional": true
										},
										"source_key_tier": {
											"type": "string",
											"description": "Options: local, pfx, dsm and hsm-luna. Default is local.",
											"description_kind": "plain",
											"optional": true
										}
									},
									"description": "Enable the key for scheduled rotation job.",
									"description_kind": "plain"
								},
								"max_items": 1
							}
						},
						"description_kind": "plain"
					}
				},
				"ciphertrust_azure_vault": {
					"version": 0,
					"block": {
						"attributes": {
							"azure_connection": {
								"type": "string",
								"description": "Name or ID of the Azure connection.",
								"description_kind": "plain",
								"required": true
							},
							"azure_vault_id": {
								"type": "string",
								"description": "Azure ID of the vault.",
								"description_kind": "plain",
								"computed": true
							},
							"id": {
								"type": "string",
								"description": "CipherTrust vault ID.",
								"description_kind": "plain",
								"computed": true
							},
							"name": {
								"type": "string",
								"description": "Name of an existing Azure vault.",
								"description_kind": "plain",
								"required": true
							},
							"subscription_id": {
								"type": "string",
								"description": "Azure subscription ID.",
								"description_kind": "plain",
								"required": true
							}
						},
						"description_kind": "plain"
					}
				},
				"ciphertrust_dsm_connection": {
					"version": 0,
					"block": {
						"attributes": {
							"description": {
								"type": "string",
								"description": "Description of the DSM connection.",
								"description_kind": "plain",
								"optional": true
							},
							"domain_id": {
								"type": "string",
								"description": "If the DSM user is restricted to a domain, provide the domain id.",
								"description_kind": "plain",
								"optional": true
							},
							"id": {
								"type": "string",
								"description": "CipherTrust DSM connection ID.",
								"description_kind": "plain",
								"computed": true
							},
							"meta": {
								"type": "string",
								"description": "Optional end-user or service data stored with the connection.",
								"description_kind": "plain",
								"optional": true
							},
							"name": {
								"type": "string",
								"description": "Unique connection name.",
								"description_kind": "plain",
								"required": true
							},
							"password": {
								"type": "string",
								"description": "Password of the DSM.",
								"description_kind": "plain",
								"required": true
							},
							"username": {
								"type": "string",
								"description": "Username for accessing the DSM.",
								"description_kind": "plain",
								"required": true
							}
						},
						"block_types": {
							"nodes": {
								"nesting_mode": "list",
								"block": {
									"attributes": {
										"certificate": {
											"type": "string",
											"description": "SSL certificate string or filename containing the certificate of DSM Server for TLS communication.",
											"description_kind": "plain",
											"required": true
										},
										"hostname": {
											"type": "string",
											"description": "Hostname of the DSM.",
											"description_kind": "plain",
											"required": true
										}
									},
									"description_kind": "plain"
								},
								"min_items": 1
							}
						},
						"description_kind": "plain"
					}
				},
				"ciphertrust_dsm_domain": {
					"version": 0,
					"block": {
						"attributes": {
							"description": {
								"type": "string",
								"description": "Description of the dsm domain.",
								"description_kind": "plain",
								"optional": true
							},
							"domain_id": {
								"type": "number",
								"description": "DSM domain to add.",
								"description_kind": "plain",
								"required": true
							},
							"dsm_connection": {
								"type": "string",
								"description": "Name or ID of the of the DSM connection.",
								"description_kind": "plain",
								"required": true
							},
							"id": {
								"type": "string",
								"description": "CipherTrust DSM domain ID.",
								"description_kind": "plain",
								"computed": true
							}
						},
						"description_kind": "plain"
					}
				},
				"ciphertrust_dsm_key": {
					"version": 0,
					"block": {
						"attributes": {
							"algorithm": {
								"type": "string",
								"description": "Algorithm of the key. Options: RSA1024, RSA2048, RSA3072, SA4096, AES256, AES128, ARIA128 and ARIA256.",
								"description_kind": "plain",
								"required": true
							},
							"description": {
								"type": "string",
								"description": "Description of the DSM key.",
								"description_kind": "plain",
								"optional": true
							},
							"domain": {
								"type": "string",
								"description": "ID of the DSM domain in which to create the key.",
								"description_kind": "plain",
								"required": true
							},
							"encryption_mode": {
								"type": "string",
								"description": "Encryption mode is required for AES symmetric keys only. Options: CBC, CBC_CS1 and XTS.",
								"description_kind": "plain",
								"optional": true
							},
							"expiration_date": {
								"type": "string",
								"description": "Date of key expiry in UTC time in RFC3339 format. for example, 2021-07-03T14:24:001Z.",
								"description_kind": "plain",
								"optional": true,
								"computed": true
							},
							"extractable": {
								"type": "bool",
								"description": "The key is extractable from the DSM.",
								"description_kind": "plain",
								"optional": true,
								"computed": true
							},
							"id": {
								"type": "string",
								"description": "CipherTrust DSM key ID.",
								"description_kind": "plain",
								"computed": true
							},
							"name": {
								"type": "string",
								"description": "Name of the key.",
								"description_kind": "plain",
								"required": true
							},
							"object_type": {
								"type": "string",
								"description": "Object type of the key. Options: asymmetric and symmetric.",
								"description_kind": "plain",
								"required": true
							}
						},
						"description_kind": "plain"
					}
				},
				"ciphertrust_hsm_connection": {
					"version": 0,
					"block": {
						"attributes": {
							"description": {
								"type": "string",
								"description": "Description of the HSM connection.",
								"description_kind": "plain",
								"optional": true
							},
							"hostname": {
								"type": "string",
								"description": "Hostname/IP of the Luna Network HSM Server.",
								"description_kind": "plain",
								"required": true
							},
							"id": {
								"type": "string",
								"description": "CipherTrust HSM connection ID.",
								"description_kind": "plain",
								"computed": true
							},
							"is_ha_enabled": {
								"type": "bool",
								"description": "This flag signifies if it is HighAvailability(HA) Group or not.",
								"description_kind": "plain",
								"optional": true
							},
							"meta": {
								"type": "string",
								"description": "Optional end-user or service data stored with the connection.",
								"description_kind": "plain",
								"optional": true
							},
							"name": {
								"type": "string",
								"description": "Unique connection name.",
								"description_kind": "plain",
								"required": true
							},
							"operation_timeout": {
								"type": "number",
								"description": "HSM connection opertions are not synchronous. The specifies how long to wait for an operation to complete in seconds. Default is 60.",
								"description_kind": "plain",
								"optional": true
							},
							"partition_password": {
								"type": "string",
								"description": "Password associated with the Luna Network HSM partition.",
								"description_kind": "plain",
								"required": true
							},
							"server_id": {
								"type": "string",
								"description": "ID of the HSM network server.",
								"description_kind": "plain",
								"required": true
							}
						},
						"block_types": {
							"partitions": {
								"nesting_mode": "list",
								"block": {
									"attributes": {
										"partition_label": {
											"type": "string",
											"description": "Label of a partition on the Luna Network HSM Server.",
											"description_kind": "plain",
											"required": true
										},
										"serial_number": {
											"type": "string",
											"description": "Serial number of the partition.",
											"description_kind": "plain",
											"required": true
										}
									},
									"description_kind": "plain"
								},
								"min_items": 1
							}
						},
						"description_kind": "plain"
					}
				},
				"ciphertrust_hsm_key": {
					"version": 0,
					"block": {
						"attributes": {
							"attributes": {
								"type": ["list", "string"],
								"description": "Key attributes. Options: CKA_ENCRYPT, CKA_DECRYPT, CKA_WRAP, CKA_UNWRAP, CKA_SIGN, CKA_VERIFY and CKA_DERIVE.",
								"description_kind": "plain",
								"required": true
							},
							"id": {
								"type": "string",
								"description": "Concatenation of public_key_id and private_key_id.",
								"description_kind": "plain",
								"computed": true
							},
							"key_size": {
								"type": "number",
								"description": "Size of the key. Options: 2048, 3072, 4096.",
								"description_kind": "plain",
								"required": true
							},
							"label": {
								"type": "string",
								"description": "Label of the key.",
								"description_kind": "plain",
								"optional": true,
								"computed": true
							},
							"mechanism": {
								"type": "string",
								"description": "Mechanism of the key. Options: CKM_RSA_FIPS_186_3_AUX_PRIME_KEY_PAIR_GEN, CKM_RSA_X9_31_KEY_PAIR_GEN, CKM_RSA_FIPS_186_3_PRIME_KEY_PAIR_GEN and CKM_RSA_PKCS_KEY_PAIR_GEN.",
								"description_kind": "plain",
								"required": true
							},
							"operation_timeout": {
								"type": "number",
								"description": "HSM key operations are not synchronous. The specifies how long to wait for an operation to complete in seconds. Default is 240.",
								"description_kind": "plain",
								"optional": true
							},
							"partition_id": {
								"type": "string",
								"description": "Partition id in which the key will be created.",
								"description_kind": "plain",
								"required": true
							},
							"private_key_id": {
								"type": "string",
								"description": "Id of the private key. Second ID in the resourceID string.",
								"description_kind": "plain",
								"computed": true
							},
							"public_key_id": {
								"type": "string",
								"description": "Id of the public key. First ID in the resourceID string.",
								"description_kind": "plain",
								"computed": true
							}
						},
						"description_kind": "plain"
					}
				},
				"ciphertrust_hsm_partition": {
					"version": 0,
					"block": {
						"attributes": {
							"hsm_connection": {
								"type": "string",
								"description": "Name or ID of the HSM connection.",
								"description_kind": "plain",
								"optional": true
							},
							"id": {
								"type": "string",
								"description": "CipherTrust HSM partition ID.",
								"description_kind": "plain",
								"computed": true
							}
						},
						"description_kind": "plain"
					}
				},
				"ciphertrust_hsm_server": {
					"version": 0,
					"block": {
						"attributes": {
							"description": {
								"type": "string",
								"description": "Description of the Luna Network HSM server.",
								"description_kind": "plain",
								"optional": true
							},
							"hostname": {
								"type": "string",
								"description": "Hostname/IP of the Luna Network HSM Server.",
								"description_kind": "plain",
								"required": true
							},
							"hsm_certificate": {
								"type": "string",
								"description": "Luna Network HSM Server Certificate downloaded from the HSM. String or a filename containing the certificate.",
								"description_kind": "plain",
								"required": true
							},
							"id": {
								"type": "string",
								"description": "CipherTrust Luna Network HSM server ID.",
								"description_kind": "plain",
								"computed": true
							},
							"meta": {
								"type": "string",
								"description": "Optional end-user or service data stored with the connection.",
								"description_kind": "plain",
								"optional": true
							}
						},
						"description_kind": "plain"
					}
				},
				"ciphertrust_key": {
					"version": 0,
					"block": {
						"attributes": {
							"algorithm": {
								"type": "string",
								"description": "Algorithm of the key. Options: AES, EC and RSA.",
								"description_kind": "plain",
								"required": true
							},
							"curve": {
								"type": "string",
								"description": "Curve for an EC key. Options: secp256k1, secp384r1, secp521r1 and prime256v1.",
								"description_kind": "plain",
								"optional": true
							},
							"id": {
								"type": "string",
								"description": "CipherTrust key ID.",
								"description_kind": "plain",
								"computed": true
							},
							"key_size": {
								"type": "number",
								"description": "Required for RSA keys. Optional for AES keys. Defaults to 256 for AES keys.",
								"description_kind": "plain",
								"optional": true,
								"computed": true
							},
							"name": {
								"type": "string",
								"description": "Name of the key.",
								"description_kind": "plain",
								"required": true
							}
						},
						"description_kind": "plain"
					}
				},
				"ciphertrust_scheduler": {
					"version": 0,
					"block": {
						"attributes": {
							"description": {
								"type": "string",
								"description": "Description of the job configuration.",
								"description_kind": "plain",
								"optional": true
							},
							"disabled": {
								"type": "bool",
								"description": "Disable the job configuration. Defaults to false.",
								"description_kind": "plain",
								"optional": true,
								"computed": true
							},
							"end_date": {
								"type": "string",
								"description": "Date the job configuration becomes inactive. RFC3339 format, for example, 2021-07-03T14:24Z.",
								"description_kind": "plain",
								"optional": true
							},
							"id": {
								"type": "string",
								"description": "CipherTrust job configuration ID.",
								"description_kind": "plain",
								"computed": true
							},
							"name": {
								"type": "string",
								"description": "Name of the job configuration.",
								"description_kind": "plain",
								"required": true
							},
							"operation": {
								"type": "string",
								"description": "Type of operation. Currently only cckm_key_rotation is supported. Default is cckm_key_rotation.",
								"description_kind": "plain",
								"optional": true
							},
							"run_at": {
								"type": "string",
								"description": "Described using the cron expression format: '* * * * * 'These five values indicate when the job should be executed. They are in order of minute, hour, day of month, month, and day of week. Valid values are 0-59 (minutes), 0-23 (hours), 1-31 (day of month), 1-12 or jan-dec (month), and 0-6 or sun-sat (day of week). Names are case insensitive. For example, To run on Saturday at 23:45(11:45 PM): '45 23 * * 6' or '45 23 * * sat' To run on the first of the month at 09:00: '0 9 1 * *'",
								"description_kind": "plain",
								"required": true
							},
							"run_on": {
								"type": "string",
								"description": "Use 'any' to run the rotation job on any node in the cluster. Use a specific node ID to run the rotation job on that node. Default is 'any'.",
								"description_kind": "plain",
								"optional": true
							},
							"start_date": {
								"type": "string",
								"description": "Date the job configuration becomes active. RFC3339 format, for example, 2021-07-03T14:24:00Z.",
								"description_kind": "plain",
								"optional": true
							}
						},
						"block_types": {
							"key_rotation_params": {
								"nesting_mode": "list",
								"block": {
									"attributes": {
										"aws_retain_alias": {
											"type": "bool",
											"description": "Retain the alias and timestamp on the archieved key after rotation.",
											"description_kind": "plain",
											"optional": true,
											"computed": true
										},
										"cloud_name": {
											"type": "string",
											"description": "Name of the cloud where rotation operation will be triggered. Current possible values are 'aws' or 'AzureCloud'.",
											"description_kind": "plain",
											"required": true
										},
										"expiration": {
											"type": "string",
											"description": "Expiration time of the new key. If not specified, the new key material never expires. For example, if you want the scheduler to the rotate keys that are expiring within six hours of its run, set expire_in to 6h. Use either 'Xd' for x days or 'Yh' for y hours.",
											"description_kind": "plain",
											"optional": true
										},
										"expire_in": {
											"type": "string",
											"description": "Period during which certain keys are going to expire. The scheduler rotates the keys that are expiring in this period. If not specified, the scheduler rotates all the keys. For example, if you want the scheduler to rotate the keys that are expiring within six hours of its run, set expire_in to 6h. Use either 'Xd' for x days or 'Yh' for y hours.",
											"description_kind": "plain",
											"optional": true
										}
									},
									"description_kind": "plain"
								},
								"min_items": 1,
								"max_items": 1
							}
						},
						"description_kind": "plain"
					}
				}
			},
			"data_source_schemas": {
				"ciphertrust_aws_account_details": {
					"version": 0,
					"block": {
						"attributes": {
							"account_id": {
								"type": "string",
								"description": "AWS account ID managed by the connection.",
								"description_kind": "plain",
								"computed": true
							},
							"aws_connection": {
								"type": "string",
								"description": "Name or ID of the AWS connection.",
								"description_kind": "plain",
								"required": true
							},
							"id": {
								"type": "string",
								"description_kind": "plain",
								"optional": true,
								"computed": true
							},
							"regions": {
								"type": ["list", "string"],
								"description": "AWS regions available for the account.",
								"description_kind": "plain",
								"computed": true
							},
							"validate": {
								"type": "bool",
								"description": "Validate that the AWS account is already managed by a connection.",
								"description_kind": "plain",
								"optional": true
							}
						},
						"description_kind": "plain"
					}
				},
				"ciphertrust_azure_account_details": {
					"version": 0,
					"block": {
						"attributes": {
							"azure_connection": {
								"type": "string",
								"description": "Name or ID of the Azure connection.",
								"description_kind": "plain",
								"required": true
							},
							"id": {
								"type": "string",
								"description_kind": "plain",
								"optional": true,
								"computed": true
							},
							"subscription_id": {
								"type": "string",
								"description": "CipherRrust ID for the subscription.",
								"description_kind": "plain",
								"computed": true
							}
						},
						"description_kind": "plain"
					}
				}
			}
		}
	}
}

